
Microsoft Visual Studio Solution File, Format Version 12.00
# Visual Studio Version 17
VisualStudioVersion = 17.4.33213.308
MinimumVisualStudioVersion = 10.0.40219.1
Project("{9A19103F-16F7-4668-BE54-9A1E7A4F7556}") = "Employee Management", "Employee Management\Employee Management.csproj", "{A0E442CE-FE09-440B-9FEE-2444D6482965}"
EndProject
Global
	GlobalSection(SolutionConfigurationPlatforms) = preSolution
		Debug|Any CPU = Debug|Any CPU
		Release|Any CPU = Release|Any CPU
	EndGlobalSection
	GlobalSection(ProjectConfigurationPlatforms) = postSolution
		{A0E442CE-FE09-440B-9FEE-2444D6482965}.Debug|Any CPU.ActiveCfg = Debug|Any CPU
		{A0E442CE-FE09-440B-9FEE-2444D6482965}.Debug|Any CPU.Build.0 = Debug|Any CPU
		{A0E442CE-FE09-440B-9FEE-2444D6482965}.Release|Any CPU.ActiveCfg = Release|Any CPU
		{A0E442CE-FE09-440B-9FEE-2444D6482965}.Release|Any CPU.Build.0 = Release|Any CPU
	EndGlobalSection
	GlobalSection(SolutionProperties) = preSolution
		HideSolutionNode = FALSE
	EndGlobalSection
	GlobalSection(ExtensibilityGlobals) = postSolution
		SolutionGuid = {A145E42B-9089-4600-8C30-3A53AA60E49A}
	EndGlobalSection
EndGlobal
